
Microsoft Visual Studio Solution File, Format Version 12.00
# Visual Studio Version 16
VisualStudioVersion = 16.0.29926.136
MinimumVisualStudioVersion = 10.0.40219.1
Project("{FAE04EC0-301F-11D3-BF4B-00C04F79EFBC}") = "RugbyTeamManager", "RugbyTeamManager\RugbyTeamManager.csproj", "{8EF8CAA6-1036-452E-B128-C7370C21BBF1}"
EndProject
Global
	GlobalSection(SolutionConfigurationPlatforms) = preSolution
		Debug|Any CPU = Debug|Any CPU
		Release|Any CPU = Release|Any CPU
	EndGlobalSection
	GlobalSection(ProjectConfigurationPlatforms) = postSolution
		{8EF8CAA6-1036-452E-B128-C7370C21BBF1}.Debug|Any CPU.ActiveCfg = Debug|Any CPU
		{8EF8CAA6-1036-452E-B128-C7370C21BBF1}.Debug|Any CPU.Build.0 = Debug|Any CPU
		{8EF8CAA6-1036-452E-B128-C7370C21BBF1}.Release|Any CPU.ActiveCfg = Release|Any CPU
		{8EF8CAA6-1036-452E-B128-C7370C21BBF1}.Release|Any CPU.Build.0 = Release|Any CPU
	EndGlobalSection
	GlobalSection(SolutionProperties) = preSolution
		HideSolutionNode = FALSE
	EndGlobalSection
	GlobalSection(ExtensibilityGlobals) = postSolution
		SolutionGuid = {3B45DBE9-F830-49AA-B840-6F4577968BB6}
	EndGlobalSection
EndGlobal
